
Microsoft Visual Studio Solution File, Format Version 12.00
# Visual Studio Version 16
VisualStudioVersion = 16.0.30611.23
MinimumVisualStudioVersion = 10.0.40219.1
Project("{9A19103F-16F7-4668-BE54-9A1E7A4F7556}") = "Conference.API", "Conference.API\Conference.API.csproj", "{600795E7-B4DF-408A-BDCA-0C5F27926756}"
EndProject
Project("{9A19103F-16F7-4668-BE54-9A1E7A4F7556}") = "Conference.Models", "Conference.Models\Conference.Models.csproj", "{B0AD9CD5-77E8-432A-A5E2-CC6E777E579B}"
EndProject
Project("{9A19103F-16F7-4668-BE54-9A1E7A4F7556}") = "Conference.Logic", "Conference.Logic\Conference.Logic.csproj", "{E5425A17-ACE9-49D7-90E3-406FC1421341}"
EndProject
Project("{9A19103F-16F7-4668-BE54-9A1E7A4F7556}") = "Conference.Data", "Conference.Data\Conference.Data.csproj", "{D2E14260-6344-417C-8458-AE5A03B4F110}"
EndProject
Project("{9A19103F-16F7-4668-BE54-9A1E7A4F7556}") = "Conference.WebClient", "Conference.WebClient\Conference.WebClient.csproj", "{543F443A-6F01-49FF-9967-EADC54548ECE}"
EndProject
Global
	GlobalSection(SolutionConfigurationPlatforms) = preSolution
		Debug|Any CPU = Debug|Any CPU
		Release|Any CPU = Release|Any CPU
	EndGlobalSection
	GlobalSection(ProjectConfigurationPlatforms) = postSolution
		{600795E7-B4DF-408A-BDCA-0C5F27926756}.Debug|Any CPU.ActiveCfg = Debug|Any CPU
		{600795E7-B4DF-408A-BDCA-0C5F27926756}.Debug|Any CPU.Build.0 = Debug|Any CPU
		{600795E7-B4DF-408A-BDCA-0C5F27926756}.Release|Any CPU.ActiveCfg = Release|Any CPU
		{600795E7-B4DF-408A-BDCA-0C5F27926756}.Release|Any CPU.Build.0 = Release|Any CPU
		{B0AD9CD5-77E8-432A-A5E2-CC6E777E579B}.Debug|Any CPU.ActiveCfg = Debug|Any CPU
		{B0AD9CD5-77E8-432A-A5E2-CC6E777E579B}.Debug|Any CPU.Build.0 = Debug|Any CPU
		{B0AD9CD5-77E8-432A-A5E2-CC6E777E579B}.Release|Any CPU.ActiveCfg = Release|Any CPU
		{B0AD9CD5-77E8-432A-A5E2-CC6E777E579B}.Release|Any CPU.Build.0 = Release|Any CPU
		{E5425A17-ACE9-49D7-90E3-406FC1421341}.Debug|Any CPU.ActiveCfg = Debug|Any CPU
		{E5425A17-ACE9-49D7-90E3-406FC1421341}.Debug|Any CPU.Build.0 = Debug|Any CPU
		{E5425A17-ACE9-49D7-90E3-406FC1421341}.Release|Any CPU.ActiveCfg = Release|Any CPU
		{E5425A17-ACE9-49D7-90E3-406FC1421341}.Release|Any CPU.Build.0 = Release|Any CPU
		{D2E14260-6344-417C-8458-AE5A03B4F110}.Debug|Any CPU.ActiveCfg = Debug|Any CPU
		{D2E14260-6344-417C-8458-AE5A03B4F110}.Debug|Any CPU.Build.0 = Debug|Any CPU
		{D2E14260-6344-417C-8458-AE5A03B4F110}.Release|Any CPU.ActiveCfg = Release|Any CPU
		{D2E14260-6344-417C-8458-AE5A03B4F110}.Release|Any CPU.Build.0 = Release|Any CPU
		{543F443A-6F01-49FF-9967-EADC54548ECE}.Debug|Any CPU.ActiveCfg = Debug|Any CPU
		{543F443A-6F01-49FF-9967-EADC54548ECE}.Debug|Any CPU.Build.0 = Debug|Any CPU
		{543F443A-6F01-49FF-9967-EADC54548ECE}.Release|Any CPU.ActiveCfg = Release|Any CPU
		{543F443A-6F01-49FF-9967-EADC54548ECE}.Release|Any CPU.Build.0 = Release|Any CPU
	EndGlobalSection
	GlobalSection(SolutionProperties) = preSolution
		HideSolutionNode = FALSE
	EndGlobalSection
	GlobalSection(ExtensibilityGlobals) = postSolution
		SolutionGuid = {1B371E3D-D505-4B52-A5AA-8DABFB12ADCC}
	EndGlobalSection
EndGlobal
